{
 "graph_lock": {
  "nodes": {
   "0": {
    "ref": "gnupg-kc/2.2.20",
    "options": "",
    "requires": [
     "1",
     "3",
     "2",
     "4"
    ],
    "path": "conanfile.py",
    "context": "host"
   },
   "1": {
    "ref": "kc-common/0.1-SNAPSHOT",
    "options": "",
    "package_id": "4dd95a756326a3d755be14efd00148605e1f6c11",
    "prev": "0",
    "requires": [
     "2",
     "4",
     "3"
    ],
    "context": "host"
   },
   "2": {
    "ref": "libgcrypt/1.8.6",
    "options": "",
    "package_id": "a8d2b64dba615f6dd696a2b2c57128c62b1e6ce7",
    "prev": "0",
    "requires": [
     "3"
    ],
    "context": "host"
   },
   "3": {
    "ref": "libgpg-error/1.39",
    "options": "",
    "package_id": "73468d6cd433312abe58cd86e0da983f5d6f13ce",
    "prev": "0",
    "context": "host"
   },
   "4": {
    "ref": "libassuan/2.5.3",
    "options": "",
    "package_id": "73468d6cd433312abe58cd86e0da983f5d6f13ce",
    "prev": "0",
    "context": "host"
   }
  },
  "revisions_enabled": false
 },
 "version": "0.4",
 "profile_host": "[settings]\narch=x86_64\narch_build=x86_64\nbuild_type=Release\ncompiler=gcc\ncompiler.libcxx=libstdc++11\ncompiler.version=10\nos=Linux\nos_build=Linux\n[options]\n[build_requires]\n[env]\n"
}